
Microsoft Visual Studio Solution File, Format Version 12.00
# Visual Studio Version 17
VisualStudioVersion = 17.3.32819.101
MinimumVisualStudioVersion = 10.0.40219.1
Project("{FAE04EC0-301F-11D3-BF4B-00C04F79EFBC}") = "AggregationServer", "AggregationServer.csproj", "{791E21E1-45A9-4D02-BB23-523F5E229279}"
EndProject
Global
	GlobalSection(SolutionConfigurationPlatforms) = preSolution
		Debug|Any CPU = Debug|Any CPU
		Release|Any CPU = Release|Any CPU
	EndGlobalSection
	GlobalSection(ProjectConfigurationPlatforms) = postSolution
		{791E21E1-45A9-4D02-BB23-523F5E229279}.Debug|Any CPU.ActiveCfg = Debug|Any CPU
		{791E21E1-45A9-4D02-BB23-523F5E229279}.Debug|Any CPU.Build.0 = Debug|Any CPU
		{791E21E1-45A9-4D02-BB23-523F5E229279}.Release|Any CPU.ActiveCfg = Release|Any CPU
		{791E21E1-45A9-4D02-BB23-523F5E229279}.Release|Any CPU.Build.0 = Release|Any CPU
	EndGlobalSection
	GlobalSection(SolutionProperties) = preSolution
		HideSolutionNode = FALSE
	EndGlobalSection
	GlobalSection(ExtensibilityGlobals) = postSolution
		SolutionGuid = {603E330F-340B-4F4D-B51F-100F45357925}
	EndGlobalSection
EndGlobal
